
Microsoft Visual Studio Solution File, Format Version 12.00
# Visual Studio 15
VisualStudioVersion = 15.0.28307.902
MinimumVisualStudioVersion = 10.0.40219.1
Project("{FAE04EC0-301F-11D3-BF4B-00C04F79EFBC}") = "SalesWebMvc", "SalesWebMvc\SalesWebMvc.csproj", "{52373C03-403F-4CE0-8FC0-E392DE72C0EF}"
EndProject
Global
	GlobalSection(SolutionConfigurationPlatforms) = preSolution
		Debug|Any CPU = Debug|Any CPU
		Release|Any CPU = Release|Any CPU
	EndGlobalSection
	GlobalSection(ProjectConfigurationPlatforms) = postSolution
		{52373C03-403F-4CE0-8FC0-E392DE72C0EF}.Debug|Any CPU.ActiveCfg = Debug|Any CPU
		{52373C03-403F-4CE0-8FC0-E392DE72C0EF}.Debug|Any CPU.Build.0 = Debug|Any CPU
		{52373C03-403F-4CE0-8FC0-E392DE72C0EF}.Release|Any CPU.ActiveCfg = Release|Any CPU
		{52373C03-403F-4CE0-8FC0-E392DE72C0EF}.Release|Any CPU.Build.0 = Release|Any CPU
	EndGlobalSection
	GlobalSection(SolutionProperties) = preSolution
		HideSolutionNode = FALSE
	EndGlobalSection
	GlobalSection(ExtensibilityGlobals) = postSolution
		SolutionGuid = {DCE17E17-7C0A-4EEB-8437-FF90E7B6DE06}
	EndGlobalSection
EndGlobal
